
Microsoft Visual Studio Solution File, Format Version 12.00
# Visual Studio Version 17
VisualStudioVersion = 17.14.36203.30 d17.14
MinimumVisualStudioVersion = 10.0.40219.1
Project("{FAE04EC0-301F-11D3-BF4B-00C04F79EFBC}") = "VeiculosApp", "VeiculosApp.csproj", "{8AFD1527-3879-49CE-BEBA-5B3A7EE80C5F}"
EndProject
Global
	GlobalSection(SolutionConfigurationPlatforms) = preSolution
		Debug|Any CPU = Debug|Any CPU
		Release|Any CPU = Release|Any CPU
	EndGlobalSection
	GlobalSection(ProjectConfigurationPlatforms) = postSolution
		{8AFD1527-3879-49CE-BEBA-5B3A7EE80C5F}.Debug|Any CPU.ActiveCfg = Debug|Any CPU
		{8AFD1527-3879-49CE-BEBA-5B3A7EE80C5F}.Debug|Any CPU.Build.0 = Debug|Any CPU
		{8AFD1527-3879-49CE-BEBA-5B3A7EE80C5F}.Release|Any CPU.ActiveCfg = Release|Any CPU
		{8AFD1527-3879-49CE-BEBA-5B3A7EE80C5F}.Release|Any CPU.Build.0 = Release|Any CPU
	EndGlobalSection
	GlobalSection(SolutionProperties) = preSolution
		HideSolutionNode = FALSE
	EndGlobalSection
	GlobalSection(ExtensibilityGlobals) = postSolution
		SolutionGuid = {26CFE9C2-A885-4E8D-80FA-98AB3489F886}
	EndGlobalSection
EndGlobal
